<?xml version="1.0" encoding="utf-8"?>
<Project ToolsVersion="4.0" xmlns="http://schemas.microsoft.com/developer/msbuild/2003">
  <ItemGroup>
    <ClCompile Include="src\GenericDisplay.cpp" />
    <ClCompile Include="src\FIPDevice.cpp" />
    <ClCompile Include="src\GenericScreen.cpp" />
    <ClCompile Include="src\FIPDriver.cpp" />
    <ClCompile Include="src\FIPPage.cpp" />
    <ClCompile Include="src\FIPScreen.cpp" />
    <ClCompile Include="src\SaitekRadioPanel.cpp" />
    <ClCompile Include="src\LuaHelper.cpp" />
    <ClCompile Include="src\MultiPurposeDisplay.cpp" />
    <ClCompile Include="src\ArduinoHomeCockpit.cpp" />
    <ClCompile Include="src\Configuration.cpp" />
    <ClCompile Include="src\Action.cpp" />
    <ClCompile Include="src\Device.cpp" />
    <ClCompile Include="src\ConfigParser.cpp" />
    <ClCompile Include="src\Logger.cpp" />
    <ClCompile Include="src\SaitekMultiPanel.cpp" />
    <ClCompile Include="src\MessageWindow.cpp" />
    <ClCompile Include="src\TRC1000.cpp" />
    <ClCompile Include="src\SaitekSwitchPanel.cpp" />
    <ClCompile Include="src\XPanel.cpp" />
    <ClCompile Include="src\UsbHidDevice.cpp" />
    <ClCompile Include="src\Trigger.cpp" />
    <ClCompile Include="src\TRC1000PFD.cpp" />
    <ClCompile Include="src\TRC1000Audio.cpp" />
    <ClCompile Include="src\AgeingCounter.cpp" />
    <ClCompile Include="src\FIPLayer.cpp" />
    <ClCompile Include="src\FIPImageLayer.cpp" />
    <ClCompile Include="src\FIPTextLayer.cpp" />
    <ClCompile Include="src\IniFileParser.cpp" />
  </ItemGroup>
  <ItemGroup>
    <ClInclude Include="src\GenericDisplay.h" />
    <ClInclude Include="src\FIPDevice.h" />
    <ClInclude Include="src\GenericScreen.h" />
    <ClInclude Include="src\FIPDriver.h" />
    <ClInclude Include="src\FIPPage.h" />
    <ClInclude Include="src\FIPScreen.h" />
    <ClInclude Include="src\SaitekRadioPanel.h" />
    <ClInclude Include="src\LuaHelper.h" />
    <ClInclude Include="src\MessageWindow.h" />
    <ClInclude Include="src\MultiPurposeDisplay.h" />
    <ClInclude Include="src\Logger.h" />
    <ClInclude Include="src\ArduinoHomeCockpit.h" />
    <ClInclude Include="src\Configuration.h" />
    <ClInclude Include="src\Action.h" />
    <ClInclude Include="src\Device.h" />
    <ClInclude Include="src\ConfigParser.h" />
    <ClInclude Include="src\SaitekMultiPanel.h" />
    <ClInclude Include="src\SaitekSwitchPanel.h" />
    <ClInclude Include="src\UsbHidDevice.h" />
    <ClInclude Include="src\Trigger.h" />
    <ClInclude Include="src\TRC1000PFD.h" />
    <ClInclude Include="src\TRC1000.h" />
    <ClInclude Include="src\TRC1000Audio.h" />
    <ClInclude Include="src\AgeingCounter.h" />
    <ClInclude Include="src\FIPLayer.h" />
    <ClInclude Include="src\FIPImageLayer.h" />
    <ClInclude Include="src\FIPTextLayer.h" />
    <ClInclude Include="src\FIPFonts.h" />
    <ClInclude Include="src\IniFileParser.h" />
  </ItemGroup>
  <ItemGroup>
    <None Include="config\device-generic.ini" />
  </ItemGroup>
</Project>